github.com/aperturerobotics/abseil-cpp v0.0.0-20260131110040-4bb56e2f9017 h1:3U7v3ba/ZxaGkbvM//GWvZV7WM2gy3vRgagPFAm0NCk=
github.com/aperturerobotics/abseil-cpp v0.0.0-20260131110040-4bb56e2f9017/go.mod h1:lNSJTKECIUFAnfeSqy01kXYTYe1BHubW7198jNX3nEw=
github.com/aperturerobotics/cli v1.1.0 h1:7a+YRC+EY3npAnTzhHV5gLCiw91KS0Ts3XwLILGOsT8=
github.com/aperturerobotics/cli v1.1.0/go.mod h1:M7BFP9wow5ytTzMyJQOOO991fGfsUqdTI7gGEsHfTQ8=
github.com/aperturerobotics/common v0.27.1 h1:G2BDXntsQo+/dBfHEHk3wRw2X2Oo2DRtoNLhYxmm19g=
github.com/aperturerobotics/common v0.27.1/go.mod h1:6if8Gg2JuWNWhvJ4fF46zrpxQ7AlKfld2xTA0v9q5ok=
github.com/aperturerobotics/go-libp2p v0.37.1-0.20241111002741-5cfbb50b74e0 h1:tGwbeDoEeQCrUQL+ClUywldqvz9eRmhcVrGwGxz2xJg=
github.com/aperturerobotics/go-libp2p v0.37.1-0.20241111002741-5cfbb50b74e0/go.mod h1:FJkAtQcP9XxqG1NNLNHKm+wLVIGSCQX2s6CEoD+w97g=
github.com/aperturerobotics/go-protoc-wasi v0.0.0-20260131050911-b5f94b044584 h1:ER8DYYL71cTg39uZ+Gi699tL/hZoscUWDOw4DbizqhI=
github.com/aperturerobotics/go-protoc-wasi v0.0.0-20260131050911-b5f94b044584/go.mod h1:vEq8i7EKb32+KXGtIEZjjhNns+BdsL2dUMw4uhy3578=
github.com/aperturerobotics/json-iterator-lite v1.0.1-0.20251104042408-0c9eb8a3f726 h1:4B1F0DzuqPzb6WqgCjWaqDD7JU9RDsevQG5OP0DFBgs=
github.com/aperturerobotics/json-iterator-lite v1.0.1-0.20251104042408-0c9eb8a3f726/go.mod h1:SvGGBv3OVxUyqO0ZxA/nvs6z3cg7NIbZ64TnbV2OISo=
github.com/aperturerobotics/protobuf v0.0.0-20260203024654-8201686529c4 h1:4Dy3BAHh2kgVdHAqtlwcFsgY0kAwUe2m3rfFcaGwGQg=
github.com/aperturerobotics/protobuf v0.0.0-20260203024654-8201686529c4/go.mod h1:tMgO7y6SJo/d9ZcvrpNqIQtdYT9de+QmYaHOZ4KnhOg=
github.com/aperturerobotics/protobuf-go-lite v0.12.0 h1:ZPPokQtm/NPhgGv+vYD9AhInvkrzQal6MDnqcYLWvlg=
github.com/aperturerobotics/protobuf-go-lite v0.12.0/go.mod h1:lGH3s5ArCTXKI4wJdlNpaybUtwSjfAG0vdWjxOfMcF8=
github.com/aperturerobotics/util v1.32.3 h1:wBc6L2guYMgLEzFwORH3CLMoMpfEqbV6pDqYervo3S0=
github.com/aperturerobotics/util v1.32.3/go.mod h1:qfRZZUDn0sEfc43JRA6rKP8bwFxliqGqJZX+p1jeOnQ=
github.com/coder/websocket v1.8.14 h1:9L0p0iKiNOibykf283eHkKUHHrpG7f65OE3BhhO7v9g=
github.com/coder/websocket v1.8.14/go.mod h1:NX3SzP+inril6yawo5CQXx8+fk145lPDC6pumgx0mVg=
github.com/davecgh/go-spew v1.1.1 h1:vj9j/u1bqnvCEfJOwUhtlOARqs3+rkHYY13jYWTU97c=
github.com/davecgh/go-spew v1.1.1/go.mod h1:J7Y8YcW2NihsgmVo/mv3lAwl/skON4iLHjSsI+c5H38=
github.com/google/go-cmp v0.7.0 h1:wk8382ETsv4JYUZwIsn6YpYiWiBsYLSJiTsyBybVuN8=
github.com/google/go-cmp v0.7.0/go.mod h1:pXiqmnSA92OHEEa9HXL2W4E7lf9JzCmGVUdgjX3N/iU=
github.com/ipfs/go-cid v0.4.1 h1:A/T3qGvxi4kpKWWcPC/PgbvDA2bjVLO7n4UeVwnbs/s=
github.com/ipfs/go-cid v0.4.1/go.mod h1:uQHwDeX4c6CtyrFwdqyhpNcxVewur1M7l7fNU7LKwZk=
github.com/klauspost/cpuid/v2 v2.2.8 h1:+StwCXwm9PdpiEkPyzBXIy+M9KUb4ODm0Zarf1kS5BM=
github.com/klauspost/cpuid/v2 v2.2.8/go.mod h1:Lcz8mBdAVJIBVzewtcLocK12l3Y+JytZYpaMropDUws=
github.com/libp2p/go-buffer-pool v0.1.0 h1:oK4mSFcQz7cTQIfqbe4MIj9gLW+mnanjyFtc6cdF0Y8=
github.com/libp2p/go-buffer-pool v0.1.0/go.mod h1:N+vh8gMqimBzdKkSMVuydVDq+UV5QTWy5HSiZacSbPg=
github.com/libp2p/go-libp2p-testing v0.12.0 h1:EPvBb4kKMWO29qP4mZGyhVzUyR25dvfUIK5WDu6iPUA=
github.com/libp2p/go-libp2p-testing v0.12.0/go.mod h1:KcGDRXyN7sQCllucn1cOOS+Dmm7ujhfEyXQL5lvkcPg=
github.com/libp2p/go-yamux/v4 v4.0.2 h1:nrLh89LN/LEiqcFiqdKDRHjGstN300C1269K/EX0CPU=
github.com/libp2p/go-yamux/v4 v4.0.2/go.mod h1:C808cCRgOs1iBwY4S71T5oxgMxgLmqUw56qh4AeBW2o=
github.com/minio/sha256-simd v1.0.1 h1:6kaan5IFmwTNynnKKpDHe6FWHohJOHhCPchzK49dzMM=
github.com/minio/sha256-simd v1.0.1/go.mod h1:Pz6AKMiUdngCLpeTL/RJY1M9rUuPMYujV5xJjtbRSN8=
github.com/mr-tron/base58 v1.2.0 h1:T/HDJBh4ZCPbU39/+c3rRvE0uKBQlU27+QI8LJ4t64o=
github.com/mr-tron/base58 v1.2.0/go.mod h1:BinMc/sQntlIE1frQmRFPUoPA1Zkr8VRgBdjWI2mNwc=
github.com/multiformats/go-base32 v0.1.0 h1:pVx9xoSPqEIQG8o+UbAe7DNi51oej1NtK+aGkbLYxPE=
github.com/multiformats/go-base32 v0.1.0/go.mod h1:Kj3tFY6zNr+ABYMqeUNeGvkIC/UYgtWibDcT0rExnbI=
github.com/multiformats/go-base36 v0.2.0 h1:lFsAbNOGeKtuKozrtBsAkSVhv1p9D0/qedU9rQyccr0=
github.com/multiformats/go-base36 v0.2.0/go.mod h1:qvnKE++v+2MWCfePClUEjE78Z7P2a1UV0xHgWc0hkp4=
github.com/multiformats/go-multiaddr v0.13.0 h1:BCBzs61E3AGHcYYTv8dqRH43ZfyrqM8RXVPT8t13tLQ=
github.com/multiformats/go-multiaddr v0.13.0/go.mod h1:sBXrNzucqkFJhvKOiwwLyqamGa/P5EIXNPLovyhQCII=
github.com/multiformats/go-multibase v0.2.0 h1:isdYCVLvksgWlMW9OZRYJEa9pZETFivncJHmHnnd87g=
github.com/multiformats/go-multibase v0.2.0/go.mod h1:bFBZX4lKCA/2lyOFSAoKH5SS6oPyjtnzK/XTFDPkNuk=
github.com/multiformats/go-multihash v0.2.3 h1:7Lyc8XfX/IY2jWb/gI7JP+o7JEq9hOa7BFvVU9RSh+U=
github.com/multiformats/go-multihash v0.2.3/go.mod h1:dXgKXCXjBzdscBLk9JkjINiEsCKRVch90MdaGiKsvSM=
github.com/multiformats/go-multistream v0.5.0 h1:5htLSLl7lvJk3xx3qT/8Zm9J4K8vEOf/QGkvOGQAyiE=
github.com/multiformats/go-multistream v0.5.0/go.mod h1:n6tMZiwiP2wUsR8DgfDWw1dydlEqV3l6N3/GBsX6ILA=
github.com/multiformats/go-varint v0.0.7 h1:sWSGR+f/eu5ABZA2ZpYKBILXTTs9JWpdEM/nEGOHFS8=
github.com/multiformats/go-varint v0.0.7/go.mod h1:r8PUYw/fD/SjBCiKOoDlGF6QawOELpZAu9eioSos/OU=
github.com/pkg/errors v0.9.1 h1:FEBLx1zS214owpjy7qsBeixbURkuhQAwrK5UwLGTwt4=
github.com/pkg/errors v0.9.1/go.mod h1:bwawxfHBFNV+L2hUp1rHADufV3IMtnDRdf1r5NINEl0=
github.com/pmezard/go-difflib v1.0.0 h1:4DBwDE0NGyQoBHbLQYPwSUPoCMWR5BEzIk/f1lZbAQM=
github.com/pmezard/go-difflib v1.0.0/go.mod h1:iKH77koFhYxTK1pcRnkKkqfTogsbg7gZNVY4sRDYZ/4=
github.com/sirupsen/logrus v1.9.4 h1:TsZE7l11zFCLZnZ+teH4Umoq5BhEIfIzfRDZ1Uzql2w=
github.com/sirupsen/logrus v1.9.4/go.mod h1:ftWc9WdOfJ0a92nsE2jF5u5ZwH8Bv2zdeOC42RjbV2g=
github.com/spaolacci/murmur3 v1.1.0 h1:7c1g84S4BPRrfL5Xrdp6fOJ206sU9y293DDHaoy0bLI=
github.com/spaolacci/murmur3 v1.1.0/go.mod h1:JwIasOWyU6f++ZhiEuf87xNszmSA2myDM2Kzu9HwQUA=
github.com/stretchr/testify v1.11.1 h1:7s2iGBzp5EwR7/aIZr8ao5+dra3wiQyKjjFuvgVKu7U=
github.com/stretchr/testify v1.11.1/go.mod h1:wZwfW3scLgRK+23gO65QZefKpKQRnfz6sD981Nm4B6U=
github.com/tetratelabs/wazero v1.11.0 h1:+gKemEuKCTevU4d7ZTzlsvgd1uaToIDtlQlmNbwqYhA=
github.com/tetratelabs/wazero v1.11.0/go.mod h1:eV28rsN8Q+xwjogd7f4/Pp4xFxO7uOGbLcD/LzB1wiU=
github.com/xrash/smetrics v0.0.0-20250705151800-55b8f293f342 h1:FnBeRrxr7OU4VvAzt5X7s6266i6cSVkkFPS0TuXWbIg=
github.com/xrash/smetrics v0.0.0-20250705151800-55b8f293f342/go.mod h1:Ohn+xnUBiLI6FVj/9LpzZWtj1/D6lUovWYBkxHVV3aM=
golang.org/x/crypto v0.45.0 h1:jMBrvKuj23MTlT0bQEOBcAE0mjg8mK9RXFhRH6nyF3Q=
golang.org/x/crypto v0.45.0/go.mod h1:XTGrrkGJve7CYK7J8PEww4aY7gM3qMCElcJQ8n8JdX4=
golang.org/x/exp v0.0.0-20250305212735-054e65f0b394 h1:nDVHiLt8aIbd/VzvPWN6kSOPE7+F/fNFDSXLVYkE/Iw=
golang.org/x/exp v0.0.0-20250305212735-054e65f0b394/go.mod h1:sIifuuw/Yco/y6yb6+bDNfyeQ/MdPUy/hKEMYQV17cM=
golang.org/x/mod v0.32.0 h1:9F4d3PHLljb6x//jOyokMv3eX+YDeepZSEo3mFJy93c=
golang.org/x/mod v0.32.0/go.mod h1:SgipZ/3h2Ci89DlEtEXWUk/HteuRin+HHhN+WbNhguU=
golang.org/x/sys v0.5.0/go.mod h1:oPkhp1MJrh7nUepCBck5+mAzfO9JrbApNNgaTdGDITg=
golang.org/x/sys v0.40.0 h1:DBZZqJ2Rkml6QMQsZywtnjnnGvHza6BTfYFWY9kjEWQ=
golang.org/x/sys v0.40.0/go.mod h1:OgkHotnGiDImocRcuBABYBEXf8A9a87e/uXjp9XT3ks=
google.golang.org/protobuf v1.36.11 h1:fV6ZwhNocDyBLK0dj+fg8ektcVegBBuEolpbTQyBNVE=
google.golang.org/protobuf v1.36.11/go.mod h1:HTf+CrKn2C3g5S8VImy6tdcUvCska2kB7j23XfzDpco=
gopkg.in/yaml.v3 v3.0.1 h1:fxVm/GzAzEWqLHuvctI91KS9hhNmmWOoWu0XTYJS7CA=
gopkg.in/yaml.v3 v3.0.1/go.mod h1:K4uyk7z7BCEPqu6E+C64Yfv1cQ7kz7rIZviUmN+EgEM=
lukechampine.com/blake3 v1.3.0 h1:sJ3XhFINmHSrYCgl958hscfIa3bw8x4DqMP3u1YvoYE=
lukechampine.com/blake3 v1.3.0/go.mod h1:0OFRp7fBtAylGVCO40o87sbupkyIGgbpv1+M1k1LM6k=
