github.com/aperturerobotics/abseil-cpp v0.0.0-20260131110040-4bb56e2f9017 h1:3U7v3ba/ZxaGkbvM//GWvZV7WM2gy3vRgagPFAm0NCk=
github.com/aperturerobotics/abseil-cpp v0.0.0-20260131110040-4bb56e2f9017/go.mod h1:lNSJTKECIUFAnfeSqy01kXYTYe1BHubW7198jNX3nEw=
github.com/aperturerobotics/cli v1.1.0 h1:7a+YRC+EY3npAnTzhHV5gLCiw91KS0Ts3XwLILGOsT8=
github.com/aperturerobotics/cli v1.1.0/go.mod h1:M7BFP9wow5ytTzMyJQOOO991fGfsUqdTI7gGEsHfTQ8=
github.com/aperturerobotics/common v0.30.7 h1:MfbgBHwRnCFPCWVXjKiqEBkFGpMf8Nk2pRsUiSuzxSc=
github.com/aperturerobotics/common v0.30.7/go.mod h1:rdhYmixjslfBT0lEMADQHWjgRKIDxZ+8Paxv4lGZfp0=
github.com/aperturerobotics/go-protoc-gen-prost v0.0.0-20260204215916-dc1f0fed8cfc h1:MQKYvrnue6iT6DlQdGbaBYvyY/WuR63cbhUtRZjx4OM=
github.com/aperturerobotics/go-protoc-gen-prost v0.0.0-20260204215916-dc1f0fed8cfc/go.mod h1:OBb/beWmr/pDIZAUfi86j/4tBh2v5ctTxKMqSnh9c/4=
github.com/aperturerobotics/go-protoc-wasi v0.0.0-20260131050911-b5f94b044584 h1:ER8DYYL71cTg39uZ+Gi699tL/hZoscUWDOw4DbizqhI=
github.com/aperturerobotics/go-protoc-wasi v0.0.0-20260131050911-b5f94b044584/go.mod h1:vEq8i7EKb32+KXGtIEZjjhNns+BdsL2dUMw4uhy3578=
github.com/aperturerobotics/json-iterator-lite v1.0.1-0.20251104042408-0c9eb8a3f726 h1:4B1F0DzuqPzb6WqgCjWaqDD7JU9RDsevQG5OP0DFBgs=
github.com/aperturerobotics/json-iterator-lite v1.0.1-0.20251104042408-0c9eb8a3f726/go.mod h1:SvGGBv3OVxUyqO0ZxA/nvs6z3cg7NIbZ64TnbV2OISo=
github.com/aperturerobotics/protobuf v0.0.0-20260203024654-8201686529c4 h1:4Dy3BAHh2kgVdHAqtlwcFsgY0kAwUe2m3rfFcaGwGQg=
github.com/aperturerobotics/protobuf v0.0.0-20260203024654-8201686529c4/go.mod h1:tMgO7y6SJo/d9ZcvrpNqIQtdYT9de+QmYaHOZ4KnhOg=
github.com/aperturerobotics/protobuf-go-lite v0.12.2 h1:ujwTKgpIYAVsv8VljB6PPMY5SI8i8m/NlIHAkkuxQcU=
github.com/aperturerobotics/protobuf-go-lite v0.12.2/go.mod h1:lGH3s5ArCTXKI4wJdlNpaybUtwSjfAG0vdWjxOfMcF8=
github.com/aperturerobotics/util v1.32.4 h1:+f4rZuGC0AfgvA6bEwxSiW3Px9awyqr/CB2ltHyX4a8=
github.com/aperturerobotics/util v1.32.4/go.mod h1:qfRZZUDn0sEfc43JRA6rKP8bwFxliqGqJZX+p1jeOnQ=
github.com/coder/websocket v1.8.14 h1:9L0p0iKiNOibykf283eHkKUHHrpG7f65OE3BhhO7v9g=
github.com/coder/websocket v1.8.14/go.mod h1:NX3SzP+inril6yawo5CQXx8+fk145lPDC6pumgx0mVg=
github.com/davecgh/go-spew v1.1.1 h1:vj9j/u1bqnvCEfJOwUhtlOARqs3+rkHYY13jYWTU97c=
github.com/davecgh/go-spew v1.1.1/go.mod h1:J7Y8YcW2NihsgmVo/mv3lAwl/skON4iLHjSsI+c5H38=
github.com/google/go-cmp v0.7.0 h1:wk8382ETsv4JYUZwIsn6YpYiWiBsYLSJiTsyBybVuN8=
github.com/google/go-cmp v0.7.0/go.mod h1:pXiqmnSA92OHEEa9HXL2W4E7lf9JzCmGVUdgjX3N/iU=
github.com/libp2p/go-buffer-pool v0.1.0 h1:oK4mSFcQz7cTQIfqbe4MIj9gLW+mnanjyFtc6cdF0Y8=
github.com/libp2p/go-buffer-pool v0.1.0/go.mod h1:N+vh8gMqimBzdKkSMVuydVDq+UV5QTWy5HSiZacSbPg=
github.com/libp2p/go-yamux/v4 v4.0.2 h1:nrLh89LN/LEiqcFiqdKDRHjGstN300C1269K/EX0CPU=
github.com/libp2p/go-yamux/v4 v4.0.2/go.mod h1:C808cCRgOs1iBwY4S71T5oxgMxgLmqUw56qh4AeBW2o=
github.com/pkg/errors v0.9.1 h1:FEBLx1zS214owpjy7qsBeixbURkuhQAwrK5UwLGTwt4=
github.com/pkg/errors v0.9.1/go.mod h1:bwawxfHBFNV+L2hUp1rHADufV3IMtnDRdf1r5NINEl0=
github.com/pmezard/go-difflib v1.0.0 h1:4DBwDE0NGyQoBHbLQYPwSUPoCMWR5BEzIk/f1lZbAQM=
github.com/pmezard/go-difflib v1.0.0/go.mod h1:iKH77koFhYxTK1pcRnkKkqfTogsbg7gZNVY4sRDYZ/4=
github.com/sirupsen/logrus v1.9.4 h1:TsZE7l11zFCLZnZ+teH4Umoq5BhEIfIzfRDZ1Uzql2w=
github.com/sirupsen/logrus v1.9.4/go.mod h1:ftWc9WdOfJ0a92nsE2jF5u5ZwH8Bv2zdeOC42RjbV2g=
github.com/stretchr/testify v1.11.1 h1:7s2iGBzp5EwR7/aIZr8ao5+dra3wiQyKjjFuvgVKu7U=
github.com/stretchr/testify v1.11.1/go.mod h1:wZwfW3scLgRK+23gO65QZefKpKQRnfz6sD981Nm4B6U=
github.com/tetratelabs/wazero v1.11.0 h1:+gKemEuKCTevU4d7ZTzlsvgd1uaToIDtlQlmNbwqYhA=
github.com/tetratelabs/wazero v1.11.0/go.mod h1:eV28rsN8Q+xwjogd7f4/Pp4xFxO7uOGbLcD/LzB1wiU=
github.com/xrash/smetrics v0.0.0-20250705151800-55b8f293f342 h1:FnBeRrxr7OU4VvAzt5X7s6266i6cSVkkFPS0TuXWbIg=
github.com/xrash/smetrics v0.0.0-20250705151800-55b8f293f342/go.mod h1:Ohn+xnUBiLI6FVj/9LpzZWtj1/D6lUovWYBkxHVV3aM=
golang.org/x/mod v0.33.0 h1:tHFzIWbBifEmbwtGz65eaWyGiGZatSrT9prnU8DbVL8=
golang.org/x/mod v0.33.0/go.mod h1:swjeQEj+6r7fODbD2cqrnje9PnziFuw4bmLbBZFrQ5w=
golang.org/x/sys v0.40.0 h1:DBZZqJ2Rkml6QMQsZywtnjnnGvHza6BTfYFWY9kjEWQ=
golang.org/x/sys v0.40.0/go.mod h1:OgkHotnGiDImocRcuBABYBEXf8A9a87e/uXjp9XT3ks=
google.golang.org/protobuf v1.36.11 h1:fV6ZwhNocDyBLK0dj+fg8ektcVegBBuEolpbTQyBNVE=
google.golang.org/protobuf v1.36.11/go.mod h1:HTf+CrKn2C3g5S8VImy6tdcUvCska2kB7j23XfzDpco=
gopkg.in/yaml.v3 v3.0.1 h1:fxVm/GzAzEWqLHuvctI91KS9hhNmmWOoWu0XTYJS7CA=
gopkg.in/yaml.v3 v3.0.1/go.mod h1:K4uyk7z7BCEPqu6E+C64Yfv1cQ7kz7rIZviUmN+EgEM=
