version = 1
revision = 5
requires-python = "==3.14.*"

[manifest]
members = [
    "starpc",
    "starpc-python-plugin",
]

[[package]]
name = "ast-serialize"
version = "0.12.1"
source = { registry = "https://pypi.org/simple" }
sdist = { url = "https://files.pythonhosted.org/packages/c2/1c/7257e6ec9382843915ce475558ce4492ccb5ed39122c256bb369c27e2ebf/ast_serialize-0.12.1.tar.gz", hash = "sha256:5285a390caf1c44368ae270f037f797b91427d138b7d43cad0f1fda4c83518d9", size = 954408, upload-time = "2026-10-03T12:25:00.221Z" }
wheels = [
    { url = "https://files.pythonhosted.org/packages/4a/f7/e976169da322c009bb083a52d21e88fbfe5f071e1806e8c8361ab4ac477a/ast_serialize-0.12.1-cp314-cp314-pyemscripten_2026_0_wasm32.whl", hash = "sha256:e73255c9227fd74eac8a9b55c4049e8ad7b66d1f690bf827c98a86b2e594def7", size = 897232, upload-time = "2026-10-03T12:23:21.945Z" },
    { url = "https://files.pythonhosted.org/packages/e1/89/5545f6f4d38dd41b4e2a20050967ccd722508bc90fab0dfba463d8c8b994/ast_serialize-0.12.1-cp314-cp314t-macosx_10_12_x86_64.whl", hash = "sha256:4655ef993e69e01bb47d2d99647de9bbb74af03938438656832cd010d95de348", size = 1235397, upload-time = "2026-10-03T12:23:23.835Z" },
    { url = "https://files.pythonhosted.org/packages/22/19/e9b839ef9b57626e15e20dd7cf764a9a6b50f9750f86d0a49bc3a971fb72/ast_serialize-0.12.1-cp314-cp314t-macosx_11_0_arm64.whl", hash = "sha256:bac5a99a2c91dd823be9b8c44645694fccbb0750773cc5b27889a9f6f22fce89", size = 1216331, upload-time = "2026-10-03T12:23:25.557Z" },
    { url = "https://files.pythonhosted.org/packages/26/2a/d054d4ff8ba42472a22e3da6eb6dee0e69a32c477b5077eefdbada99f554/ast_serialize-0.12.1-cp314-cp314t-manylinux_2_17_aarch64.manylinux2014_aarch64.whl", hash = "sha256:6485e681625ed7a094221f16a7ff2ef154946112266a05cf83bde50c959ef345", size = 1281194, upload-time = "2026-10-03T12:23:27.349Z" },
    { url = "https://files.pythonhosted.org/packages/7e/0c/c73eddfa180a7a4c1613c0f3d3ef020b05dca9b922ac08212463c33ad11f/ast_serialize-0.12.1-cp314-cp314t-manylinux_2_17_armv7l.manylinux2014_armv7l.whl", hash = "sha256:a513bc6f60980d01767f7cbe39b17ce0373e722824a74ce28d6cea49ee3c8460", size = 1287170, upload-time = "2026-10-03T12:23:29.333Z" },
    { url = "https://files.pythonhosted.org/packages/94/77/39dc75d8b718844859b64a9067c9df0cfce218ca45ea215fb24a1fda3cf7/ast_serialize-0.12.1-cp314-cp314t-manylinux_2_17_ppc64le.manylinux2014_ppc64le.whl", hash = "sha256:82866f3523d53ffca8d2a69a750bec52908b69f728012e40959bebce2620453c", size = 1531238, upload-time = "2026-10-03T12:23:30.954Z" },
    { url = "https://files.pythonhosted.org/packages/b9/c0/6a6a6f94f45a288c4bac2eb8379a3d9654574a0f9249380ce3b07f6d64bb/ast_serialize-0.12.1-cp314-cp314t-manylinux_2_17_s390x.manylinux2014_s390x.whl", hash = "sha256:243054a05a5190f5d087b5c8b16423e7f1cefa4991bac26e9c8ace18074b75b6", size = 1307154, upload-time = "2026-10-03T12:23:32.645Z" },
    { url = "https://files.pythonhosted.org/packages/f9/3d/80f843892bd0f7c0d95ec5422ba3dc315c1ce011e6f08b06d5f71bd82c25/ast_serialize-0.12.1-cp314-cp314t-manylinux_2_17_x86_64.manylinux2014_x86_64.whl", hash = "sha256:7d9fbe5a3e8acddfc2fddff3dbbc7ea0e9798b3df3428f851b8abc52a3806f31", size = 1301506, upload-time = "2026-10-03T12:23:34.63Z" },
    { url = "https://files.pythonhosted.org/packages/df/cc/49a5fe852706f545e3e005584c5be89456bc637a8c9179aeaa8b9f26e8e4/ast_serialize-0.12.1-cp314-cp314t-manylinux_2_31_riscv64.whl", hash = "sha256:d3d516da3463071d27e64caf54d88cba25cf4ad4afcc807e0bcf67743719f03e", size = 1297616, upload-time = "2026-10-03T12:23:36.377Z" },
    { url = "https://files.pythonhosted.org/packages/49/5c/1208c91d6e00cc43cc276bd6233c40c9b4ec3ef8537c83281dd5372cbdb8/ast_serialize-0.12.1-cp314-cp314t-manylinux_2_5_i686.manylinux1_i686.whl", hash = "sha256:8d6711adf11136c77e3a35517de9488a5081d1012874fae99c2876b64f4daace", size = 1354884, upload-time = "2026-10-03T12:23:38.035Z" },
    { url = "https://files.pythonhosted.org/packages/a9/80/2b5fc912ff0be64d8d61ff5dc7dc405c6311297a0e2039b848b7d14333f2/ast_serialize-0.12.1-cp314-cp314t-musllinux_1_2_aarch64.whl", hash = "sha256:cbe239bee4bd609186daf60b95b7b0f47146c7f7f55f6da83807d747d6fe753f", size = 1457911, upload-time = "2026-10-03T12:23:39.679Z" },
    { url = "https://files.pythonhosted.org/packages/b2/f8/d720429bf8933efbd0cc2038c0a50b6267a585d503500845c44bc6c8ff66/ast_serialize-0.12.1-cp314-cp314t-musllinux_1_2_armv7l.whl", hash = "sha256:5bbf582286c9dc6b4c544ef645dc99e4b3aa09db28892bc60344141f6926641f", size = 1563023, upload-time = "2026-10-03T12:23:41.585Z" },
    { url = "https://files.pythonhosted.org/packages/7e/0a/99e6cc92bdbae5db60f84a14a0fb1ae77b6087e451d77808d87558162c9a/ast_serialize-0.12.1-cp314-cp314t-musllinux_1_2_i686.whl", hash = "sha256:99e33c93efb5254a70c525b46038212371dfe5693d48eb2d0d5f17d936a263d7", size = 1556601, upload-time = "2026-10-03T12:23:43.361Z" },
    { url = "https://files.pythonhosted.org/packages/7a/05/59de9e16a2e333da534f30776d0f5e426034b64c67c17843425e3cc827d1/ast_serialize-0.12.1-cp314-cp314t-musllinux_1_2_ppc64le.whl", hash = "sha256:aa6c17a2b7f07e81fa8cfcc4aa7c832b3e57733853aebea113ab502f9b0963db", size = 1665039, upload-time = "2026-10-03T12:23:45.257Z" },
    { url = "https://files.pythonhosted.org/packages/33/83/35ed67a127167b484b42a071df440f84b14c0d20ea8f69dbed5cc96bfd98/ast_serialize-0.12.1-cp314-cp314t-musllinux_1_2_riscv64.whl", hash = "sha256:f896fa38e0af38821e1ab1425c5dee89e359623e165765bdeae7d0eb6909e76d", size = 1472263, upload-time = "2026-10-03T12:23:46.811Z" },
    { url = "https://files.pythonhosted.org/packages/c4/b0/3ab8613bbb690297f1bb687d780a248c486df0f4131b6a82044fcb49e438/ast_serialize-0.12.1-cp314-cp314t-musllinux_1_2_x86_64.whl", hash = "sha256:af699e81fd7ce80b8b03945826d8ea23dd36d072f10d4613402da597ba4ee9c6", size = 1499242, upload-time = "2026-10-03T12:23:48.531Z" },
    { url = "https://files.pythonhosted.org/packages/9d/a0/a28894d3b06f8775cea8989f371bd9f72ce562c32bc807770e7fb920ce17/ast_serialize-0.12.1-cp314-cp314t-win32.whl", hash = "sha256:10b59afc108eb285146acb23d1b5ec0fc58bb3c09cb2ab8876402df06c373c3b", size = 1119488, upload-time = "2026-10-03T12:23:50.419Z" },
    { url = "https://files.pythonhosted.org/packages/c1/b2/0c44952f4ba4e14bb7f60a5858e2960dfefb9884e6ff007aaf64337dba5c/ast_serialize-0.12.1-cp314-cp314t-win_amd64.whl", hash = "sha256:72e871f6995a066c1b19104f8a6b5832b1163adb9a8267c2aa4711fbb0f4d1f3", size = 1157434, upload-time = "2026-10-03T12:23:52.383Z" },
    { url = "https://files.pythonhosted.org/packages/1f/1e/cb594c63f46a01d53629af1c4f9e42cd02afcea1c2fe483e12f22743ebac/ast_serialize-0.12.1-cp314-cp314t-win_arm64.whl", hash = "sha256:3398e458047d21c9bc1b323fe5aab77c608dc9ddb65b2d44deebaff503a1f1eb", size = 1129094, upload-time = "2026-10-03T12:23:54.133Z" },
    { url = "https://files.pythonhosted.org/packages/16/05/ca16884f9498386f3646bb18be59f0e31d44e992d252d7d6f5e4f8ae1ee2/ast_serialize-0.12.1-cp315-abi3.abi3t-macosx_10_12_x86_64.whl", hash = "sha256:410233de149ab8414cb27c6fc73e9d2baa35d6f971672d540d752060d980ffb4", size = 1235686, upload-time = "2026-10-03T12:23:55.863Z" },
    { url = "https://files.pythonhosted.org/packages/29/f2/34e87ed30e292cf365523712c4bcfef1967d9c3c2749de21b1f93b1fe0f3/ast_serialize-0.12.1-cp315-abi3.abi3t-macosx_11_0_arm64.whl", hash = "sha256:b9a2310845302f1a6bd45ae8a67d5760211103a8d66410b854bfa440d107e093", size = 1215598, upload-time = "2026-10-03T12:23:57.48Z" },
    { url = "https://files.pythonhosted.org/packages/f8/dc/c498f41c957b6ff31b97ed8ceccf3a84f85af7debca1125183cab95bb58b/ast_serialize-0.12.1-cp315-abi3.abi3t-manylinux_2_17_aarch64.manylinux2014_aarch64.whl", hash = "sha256:6ff65f40f49d5e1a1a043ba366081d59a4e26a9f5c1b07eb1170e172115da7ca", size = 1281911, upload-time = "2026-10-03T12:23:58.954Z" },
    { url = "https://files.pythonhosted.org/packages/dc/60/70ccefae9d88058c4c234bf0aed93f54aca36eb74087736e76e9515aee96/ast_serialize-0.12.1-cp315-abi3.abi3t-manylinux_2_17_armv7l.manylinux2014_armv7l.whl", hash = "sha256:536d783c4d91331f094e0a892221e619be5ffbe6fb6640885f14d7f226ec90ca", size = 1287296, upload-time = "2026-10-03T12:24:00.429Z" },
    { url = "https://files.pythonhosted.org/packages/08/e9/4fc697879c7128e29f9dab2ed19a9b586a56b621e5ea4aee2ae28c18e116/ast_serialize-0.12.1-cp315-abi3.abi3t-manylinux_2_17_ppc64le.manylinux2014_ppc64le.whl", hash = "sha256:c42d2d65f388d1960c5796231eb9bf5a988c46228633eb489605c4549ad16c52", size = 1532339, upload-time = "2026-10-03T12:24:02.053Z" },
    { url = "https://files.pythonhosted.org/packages/8a/9e/9e2bd489731602a94dbd0c576ebe1cc487a2d0f6127be743f44711166f0d/ast_serialize-0.12.1-cp315-abi3.abi3t-manylinux_2_17_s390x.manylinux2014_s390x.whl", hash = "sha256:a5628a12acc875fe7a167910f18d101dd101c2a7b1e6c2b6f7289ffaff25805c", size = 1308988, upload-time = "2026-10-03T12:24:03.61Z" },
    { url = "https://files.pythonhosted.org/packages/3f/69/e9cae837bd766a66db6953ffb5fc7f04b1945e02b0a9e4c6a0b6acb08f17/ast_serialize-0.12.1-cp315-abi3.abi3t-manylinux_2_17_x86_64.manylinux2014_x86_64.whl", hash = "sha256:9e855adfa5bb982b2e6fe09056b2d584f6dd4fce085d91a07d1155683751b6b5", size = 1303412, upload-time = "2026-10-03T12:24:05.62Z" },
    { url = "https://files.pythonhosted.org/packages/b2/1e/5ef8c62d5031d93187ed0d8dade5d942de9920c3fbd678c7652362b9a7a2/ast_serialize-0.12.1-cp315-abi3.abi3t-manylinux_2_31_riscv64.whl", hash = "sha256:fafe1471e8aca6c87b4913b7b54ff97197adf702fbe28692284b929dfa62ff96", size = 1298466, upload-time = "2026-10-03T12:24:07.242Z" },
    { url = "https://files.pythonhosted.org/packages/c2/f3/25ded60844a1a437edc840e597b6f81daf91dc4a26035416e14298d3a091/ast_serialize-0.12.1-cp315-abi3.abi3t-manylinux_2_5_i686.manylinux1_i686.whl", hash = "sha256:a5cac246474d2a703147d1605a6ac5ba0fa9e0a443cf1cf42513adf4df02686f", size = 1355617, upload-time = "2026-10-03T12:24:09.125Z" },
    { url = "https://files.pythonhosted.org/packages/05/68/a0d3cc8d8042208a2cbef7b26483f4941b44dd5dd717bb19f20e4a4c0d66/ast_serialize-0.12.1-cp315-abi3.abi3t-musllinux_1_2_aarch64.whl", hash = "sha256:6e25cd319fb0d7b39fcac666784ec86708ccbc78d07a698b1400cf5ed40c045b", size = 1458949, upload-time = "2026-10-03T12:24:10.772Z" },
    { url = "https://files.pythonhosted.org/packages/df/a0/5e4d355c48a9f125b8bec7b1b98d4d2dcd8324ff1d4dfcb03678a03c1414/ast_serialize-0.12.1-cp315-abi3.abi3t-musllinux_1_2_armv7l.whl", hash = "sha256:657a7354ea16ed4d29f8127ed477c6fee3915c111d135f020ca835a991438e90", size = 1562328, upload-time = "2026-10-03T12:24:12.404Z" },
    { url = "https://files.pythonhosted.org/packages/8a/5f/3d40f6a7908200f2f0ed9ce1bad130d00e06d0405baa7918d4a4299b25dd/ast_serialize-0.12.1-cp315-abi3.abi3t-musllinux_1_2_i686.whl", hash = "sha256:9eb9de7e59621acdb3e66984f374272b33d56d15a04763e2fd0604211e1c8303", size = 1557751, upload-time = "2026-10-03T12:24:14.455Z" },
    { url = "https://files.pythonhosted.org/packages/3f/13/d53e5a7e299d6dbaeab23a424eea2c98c821b46ed7b05abbe14743beeb63/ast_serialize-0.12.1-cp315-abi3.abi3t-musllinux_1_2_ppc64le.whl", hash = "sha256:09cc4d3103c1fc97f6845ba307af1db9cde5226bef47f8843220dde83f2276ba", size = 1666238, upload-time = "2026-10-03T12:24:16.171Z" },
    { url = "https://files.pythonhosted.org/packages/37/5b/7638ee3ae35a64e4467160a37dc7565cddfe2a87f06cef2fd07c93cfd503/ast_serialize-0.12.1-cp315-abi3.abi3t-musllinux_1_2_riscv64.whl", hash = "sha256:c9e2a592706fd791c2271ce9c8f4e38c98d3ea0b4a86b511e09a4fe3ac44ab37", size = 1472620, upload-time = "2026-10-03T12:24:18.053Z" },
    { url = "https://files.pythonhosted.org/packages/fc/e7/6e9e621e0e4a3be5a9a5f8b6961982964d2367013dbe64feb5adaa43e56d/ast_serialize-0.12.1-cp315-abi3.abi3t-musllinux_1_2_x86_64.whl", hash = "sha256:f4ac042e95a575432c1730ca4cb9183066a2074886a599f46c1f1b0955fb8198", size = 1500141, upload-time = "2026-10-03T12:24:20.036Z" },
    { url = "https://files.pythonhosted.org/packages/4a/4f/3217da5b671711c09cc6be580095839cad539983662a6599405bd75c1a19/ast_serialize-0.12.1-cp315-abi3.abi3t-win32.whl", hash = "sha256:b3cd105995942cc6163a229674a86161ba1305f646493efd59bd6723a357ee14", size = 1118382, upload-time = "2026-10-03T12:24:21.599Z" },
    { url = "https://files.pythonhosted.org/packages/80/1e/6074cf29dca8ceff27d50e845c88e7a2eaaa7f0b6f3972909e878d844737/ast_serialize-0.12.1-cp315-abi3.abi3t-win_amd64.whl", hash = "sha256:a9cd24a26126088693ca054547ea0a391398a29cf1a3a2bec1009b4b6acc8b82", size = 1158034, upload-time = "2026-10-03T12:24:23.316Z" },
    { url = "https://files.pythonhosted.org/packages/92/a0/81ce428f9f3f1ca45f8b62c9711c30452bf8190476e8685cea0f72d8d008/ast_serialize-0.12.1-cp315-abi3.abi3t-win_arm64.whl", hash = "sha256:9649cd903db0dc047906c6dd740784a2ba665d54f7e43ba31457edbce76c9493", size = 1129437, upload-time = "2026-10-03T12:24:25.044Z" },
    { url = "https://files.pythonhosted.org/packages/80/fb/1eabd2c0673283054468b1c6cb539aeb877636d6c84b280279f2d7a177a9/ast_serialize-0.12.1-cp39-abi3-macosx_10_12_x86_64.whl", hash = "sha256:98d91cd3a6cb76a39512ee090a539d1e3206b732ad8150eb38918cffa1ddf515", size = 1241515, upload-time = "2026-10-03T12:24:28.493Z" },
    { url = "https://files.pythonhosted.org/packages/1b/d7/c56955934a431a0fa3e4e9aa7af4a53ceab2a61241005427545208945eb4/ast_serialize-0.12.1-cp39-abi3-macosx_11_0_arm64.whl", hash = "sha256:8a32f184ce3e4b1d0b06d642a1243281cf55b99e0323680b1b8f904029fd7700", size = 1228048, upload-time = "2026-10-03T12:24:30.556Z" },
    { url = "https://files.pythonhosted.org/packages/1e/4e/2b2ca4602baf92f842316ea617423402089df4fbd2ea42571ba28725ba46/ast_serialize-0.12.1-cp39-abi3-manylinux_2_17_aarch64.manylinux2014_aarch64.whl", hash = "sha256:e62126ac2be2d9340ac1b3ee7a0466a883ecbed634cff0929c88ca0b671483b7", size = 1292087, upload-time = "2026-10-03T12:24:32.45Z" },
    { url = "https://files.pythonhosted.org/packages/d9/49/9ebd05218a87ca31f4f855d5e3df14239bba3c58f2aed9d02c7cba5d94f5/ast_serialize-0.12.1-cp39-abi3-manylinux_2_17_armv7l.manylinux2014_armv7l.whl", hash = "sha256:0f93a70fa9826c04ea9f2c3a880f87f4cca09a828144ed5084682abd28110980", size = 1295355, upload-time = "2026-10-03T12:24:34.423Z" },
    { url = "https://files.pythonhosted.org/packages/dc/09/6db7c4327e7a56aba805f7190d377a159fc0bf6bdefb410dc7860624dfa3/ast_serialize-0.12.1-cp39-abi3-manylinux_2_17_ppc64le.manylinux2014_ppc64le.whl", hash = "sha256:1858887be56a64a2aea899423dfe43787c34c75c18b0d7497de8e618d54b2790", size = 1541231, upload-time = "2026-10-03T12:24:36.05Z" },
    { url = "https://files.pythonhosted.org/packages/ed/85/7ab6097e5fe23cd4657b0e5a2fabb4f789f91e441a3ee40b3ca8b79be238/ast_serialize-0.12.1-cp39-abi3-manylinux_2_17_s390x.manylinux2014_s390x.whl", hash = "sha256:89a2bc39a820bc7785b60c53a5742b4e8dd4c1a599294e2dd68fae545883d44a", size = 1317324, upload-time = "2026-10-03T12:24:37.737Z" },
    { url = "https://files.pythonhosted.org/packages/c0/60/58961e7fd129e226ce36788fe328d20034f3105f5d3380df690050517737/ast_serialize-0.12.1-cp39-abi3-manylinux_2_17_x86_64.manylinux2014_x86_64.whl", hash = "sha256:50a9eaedf1db4857dad7cc47dd757ed70bfcc40b89d44d516c4a2f0d5033bd76", size = 1311809, upload-time = "2026-10-03T12:24:39.306Z" },
    { url = "https://files.pythonhosted.org/packages/15/c7/09d973db87d4575cba470fd80a3fa489322f7d6882546e43a4b21012468e/ast_serialize-0.12.1-cp39-abi3-manylinux_2_31_riscv64.whl", hash = "sha256:c30b609e8fea426b310543126de876592236a25aa8ebd59f1e2b323dd52a4085", size = 1306678, upload-time = "2026-10-03T12:24:40.891Z" },
    { url = "https://files.pythonhosted.org/packages/84/27/84f69c22bcdaa5256b4fe43ff972fc117668fff8e68495807d5792eadcce/ast_serialize-0.12.1-cp39-abi3-manylinux_2_5_i686.manylinux1_i686.whl", hash = "sha256:7b1ad06513022cfa1337744959255af0ef16119d2beb1e547b67f37ad9433d4a", size = 1362009, upload-time = "2026-10-03T12:24:42.809Z" },
    { url = "https://files.pythonhosted.org/packages/43/46/76ee342ef22cd6d82ccd6089d5e2f7163246de73d1816ccb4b6ec0550db6/ast_serialize-0.12.1-cp39-abi3-musllinux_1_2_aarch64.whl", hash = "sha256:6add54b495e37ae3cf3a1f0d5eaba364814eb72e93026adc41b7791e4b0d45d3", size = 1467959, upload-time = "2026-10-03T12:24:44.496Z" },
    { url = "https://files.pythonhosted.org/packages/31/4d/18e48154bbf6058eed8d9b54fcebb2e130f8a380db1a2a202b4faac48626/ast_serialize-0.12.1-cp39-abi3-musllinux_1_2_armv7l.whl", hash = "sha256:5fc136cd08001b817ad0b3e7426f50a7d2b8982dc7c6491f0af78af4c3dd8672", size = 1571157, upload-time = "2026-10-03T12:24:46.156Z" },
    { url = "https://files.pythonhosted.org/packages/34/76/6b16ddf0510e713613a5f5441b13407c1bde6158df04946b9f1fdc65add3/ast_serialize-0.12.1-cp39-abi3-musllinux_1_2_i686.whl", hash = "sha256:45a9e6b700bbd973d49942668a5cdbeffa693f2e250b8a5409abd1fa9d351854", size = 1566873, upload-time = "2026-10-03T12:24:48.542Z" },
    { url = "https://files.pythonhosted.org/packages/75/33/9f6169ae7f60c2da4baec03450073d3f1edb39e95ab538be0d25a7d2f72e/ast_serialize-0.12.1-cp39-abi3-musllinux_1_2_ppc64le.whl", hash = "sha256:a1d8267f83c613ea0a31f2518df074bd62e98a4b3a4892f6a529d74e08e02dba", size = 1673030, upload-time = "2026-10-03T12:24:50.566Z" },
    { url = "https://files.pythonhosted.org/packages/11/51/0d78755bd61d6cf8980f0cfdc7fa8ede38df46a5423c9f7a3da0cff587ec/ast_serialize-0.12.1-cp39-abi3-musllinux_1_2_riscv64.whl", hash = "sha256:9a0cbab9796e6ce841197feeba4008faa96b4cc7741129542fd81c882d7a4f01", size = 1480052, upload-time = "2026-10-03T12:24:52.277Z" },
    { url = "https://files.pythonhosted.org/packages/01/ae/ad4c0e5129991f2761f388420c5ded37cb134ec5882e3e59043d33c1ad87/ast_serialize-0.12.1-cp39-abi3-musllinux_1_2_x86_64.whl", hash = "sha256:b4282695f1d51a3c6ef76560351bad5af880eff7d755aefea325bffb9bf68c25", size = 1508940, upload-time = "2026-10-03T12:24:53.846Z" },
    { url = "https://files.pythonhosted.org/packages/38/6b/3299182794d38815ae6e9c7ede9bb8f2e4aa93c3578bed201c1ea746643a/ast_serialize-0.12.1-cp39-abi3-win32.whl", hash = "sha256:119d1b0cadaba4a6e475f9bbe79eecc79351e373142eabe7c353f0250d70aebb", size = 1125618, upload-time = "2026-10-03T12:24:55.405Z" },
    { url = "https://files.pythonhosted.org/packages/86/14/5d4fb733c18a1d69e237c067b183842f3a7ea1c999a51ddc87093a281c88/ast_serialize-0.12.1-cp39-abi3-win_amd64.whl", hash = "sha256:3d6ed63d4fc1ec867b8cb522d58c36df0e8f05e487bea0ffd102043a37636d72", size = 1165798, upload-time = "2026-10-03T12:24:57.052Z" },
    { url = "https://files.pythonhosted.org/packages/f1/f4/b54123680025c0b7253117418f023d1b2487f1102552acbdd9d8ee96b622/ast_serialize-0.12.1-cp39-abi3-win_arm64.whl", hash = "sha256:610a41351de68199de9a1434499083b4256c0df7658ec1cfc0a0a7b20b08d317", size = 1136560, upload-time = "2026-10-03T12:24:58.689Z" },
]

[[package]]
name = "librt"
version = "0.16.0"
source = { registry = "https://pypi.org/simple" }
sdist = { url = "https://files.pythonhosted.org/packages/04/f5/9dc696772d241814bacac7880bac32f2930b5a6ebc1f85317b83161a011c/librt-0.16.0.tar.gz", hash = "sha256:ac38d6d8d66bf3d744148dbbc0b8e193e195a51e364ed55e224631f5721891fc", size = 219839, upload-time = "2026-09-29T00:55:32.891Z" }
wheels = [
    { url = "https://files.pythonhosted.org/packages/1e/93/9e0cf7da129a93c3dc7f45bc3cd4a660f2aaa995aa8a6f95c2583ef41239/librt-0.16.0-cp314-cp314-macosx_10_15_x86_64.whl", hash = "sha256:931a0bb0fcac88f263e269e46eb30ba8e21402cd3c62ca40cb97034c0693fab1", size = 149844, upload-time = "2026-09-29T00:53:31.391Z" },
    { url = "https://files.pythonhosted.org/packages/8f/26/8a90d2a8f2b2e471bb486b7aec117b8ae622715ed6c39853aec48ea20073/librt-0.16.0-cp314-cp314-macosx_11_0_arm64.whl", hash = "sha256:1bc17e54e5305f8d40b7ca203671ff5a9e59c1d0f8ea0f625dcca53a3984de11", size = 154111, upload-time = "2026-09-29T00:53:32.718Z" },
    { url = "https://files.pythonhosted.org/packages/35/ce/67abb46258da4d3e42ff5b141db6f38c59357bef84c7979f183b22f924f1/librt-0.16.0-cp314-cp314-manylinux2014_aarch64.manylinux_2_17_aarch64.manylinux_2_28_aarch64.whl", hash = "sha256:877698bf6bca5721d8be345f2fe09778e40ecadea8b58c73075f2b1a53666bf2", size = 494234, upload-time = "2026-09-29T00:53:34.466Z" },
    { url = "https://files.pythonhosted.org/packages/12/f9/ea7162414a16f8f1bbd3b493ad6d22b926c5471916e078350bdbca8c4e5f/librt-0.16.0-cp314-cp314-manylinux2014_i686.manylinux_2_17_i686.manylinux_2_28_i686.whl", hash = "sha256:5981c011b306781ce561e18e14230a14524a3d8109b97553666c942c18f31a96", size = 491173, upload-time = "2026-09-29T00:53:36.124Z" },
    { url = "https://files.pythonhosted.org/packages/b1/09/9b3e869060dd33f9989b80ba4fea306f6db8cecefcdfe6d7346ef0603f65/librt-0.16.0-cp314-cp314-manylinux2014_ppc64le.manylinux_2_17_ppc64le.manylinux_2_28_ppc64le.whl", hash = "sha256:afced3dfc17cd805ecf7a3d77996a71cf5f2c75aa66eb0c21a9930f4fc992f86", size = 505547, upload-time = "2026-09-29T00:53:37.686Z" },
    { url = "https://files.pythonhosted.org/packages/50/07/79007d2165f649ea93e08c0962d1d62c70af9cde77965255095bf9d96f9a/librt-0.16.0-cp314-cp314-manylinux2014_x86_64.manylinux_2_17_x86_64.manylinux_2_28_x86_64.whl", hash = "sha256:ca8052401c55d7511dda6760719fda7618067e83535d7d0010096d216c34b667", size = 523057, upload-time = "2026-09-29T00:53:39.301Z" },
    { url = "https://files.pythonhosted.org/packages/61/0c/8fbaff66d0ba376d8864653f5acce1569bae27e89648671f26f7eca67ab8/librt-0.16.0-cp314-cp314-manylinux_2_34_riscv64.manylinux_2_39_riscv64.whl", hash = "sha256:1e511762a074005bb0aa569166779834e75e438370226930d0ce1866d4b6a33b", size = 515158, upload-time = "2026-09-29T00:53:41.012Z" },
    { url = "https://files.pythonhosted.org/packages/df/2e/23ff0dece76f07a4124413a57682efa0bbeb5765ac0122bc0955513f82ca/librt-0.16.0-cp314-cp314-musllinux_1_2_aarch64.whl", hash = "sha256:f1e8591bd8a5a628cd7f07954c6a1592359a878bf032957a8e9057a41d644311", size = 534183, upload-time = "2026-09-29T00:53:42.451Z" },
    { url = "https://files.pythonhosted.org/packages/26/c4/e11dea21d9a29486eba78887380374189d472734fa32cc50cb37ca44d3d0/librt-0.16.0-cp314-cp314-musllinux_1_2_i686.whl", hash = "sha256:a4aaefb4ba6c07e1aeebb2795c8958148f1d6f9af3b555b53d23d766edb6d67a", size = 540663, upload-time = "2026-09-29T00:53:44.272Z" },
    { url = "https://files.pythonhosted.org/packages/44/75/e873ae158a8b7f5359be33e7fd6c1fbe02d9a78a3e89a77de6b0e837f476/librt-0.16.0-cp314-cp314-musllinux_1_2_ppc64le.whl", hash = "sha256:d92db7a0f6aee44f1baee94750457e8d2d1c6ccea41842de6268d34e8dc7eddd", size = 545908, upload-time = "2026-09-29T00:53:45.812Z" },
    { url = "https://files.pythonhosted.org/packages/ba/36/8939d3f6a93e11bd9592e6fe28d2b44f1c2dc4bed6e22e72359a91e18ffb/librt-0.16.0-cp314-cp314-musllinux_1_2_riscv64.whl", hash = "sha256:378dfaffb38e59c24a87cde5713cd865d51ff7383fa12947f3907f306ea1ca55", size = 523302, upload-time = "2026-09-29T00:53:47.596Z" },
    { url = "https://files.pythonhosted.org/packages/71/14/35309f44a077f0f42ade0e2e7cd88c0cea760c661af205c01ea90d3c0e1f/librt-0.16.0-cp314-cp314-musllinux_1_2_x86_64.whl", hash = "sha256:3e0c39bdc85370422e8b637be76eb1fd07d30967551b03e62267dd156f553152", size = 565911, upload-time = "2026-09-29T00:53:49.278Z" },
    { url = "https://files.pythonhosted.org/packages/78/0c/df6255b94967f3159ebc46f08d8e783c12da6ee269ddb74b2efed63c640c/librt-0.16.0-cp314-cp314-pyemscripten_2026_0_wasm32.whl", hash = "sha256:1b384b90ab79a7bc30b566895809a636e0666f21f3cf12b54823d025b7e83839", size = 79119, upload-time = "2026-09-29T00:53:50.938Z" },
    { url = "https://files.pythonhosted.org/packages/6b/44/d30d5a5461378c9d33f36736c6791c3b4c4ba4b1ffe0da7350aedcb2c9a0/librt-0.16.0-cp314-cp314-win32.whl", hash = "sha256:52327da75a94012e7f932f913d20d3876bed3c102be00e6c3e8600ff7bdd58a7", size = 100140, upload-time = "2026-09-29T00:53:52.205Z" },
    { url = "https://files.pythonhosted.org/packages/c2/98/769712f356a1e897df3581bb0c3100375d054a000de26099360ea65b5111/librt-0.16.0-cp314-cp314-win_amd64.whl", hash = "sha256:3f0b8114c44b2ac06ff5dacd08e07e8e807ff4f46083f2a1602685122559be41", size = 120464, upload-time = "2026-09-29T00:53:53.495Z" },
    { url = "https://files.pythonhosted.org/packages/bf/d3/ae2abccc8bdc8b063c1613a77686e17b74e9d3d60cfe6f12c63fa2821b9f/librt-0.16.0-cp314-cp314-win_arm64.whl", hash = "sha256:8caf96a4ef8fb27d0ac0d1ad8337d26a240acd4a02fe4345d0a8f264753e8f99", size = 110889, upload-time = "2026-09-29T00:53:54.817Z" },
    { url = "https://files.pythonhosted.org/packages/e4/26/0737d4be058dd6376eade7dd8b380d4b869b6394cee929393a5a431c45bb/librt-0.16.0-cp314-cp314t-macosx_10_15_x86_64.whl", hash = "sha256:953107e2f68d0f3512c48f898b0dbf0ce5cc52bba0f318d847c985dc555ee4cc", size = 159838, upload-time = "2026-09-29T00:53:56.22Z" },
    { url = "https://files.pythonhosted.org/packages/01/96/9bc96531d7c620e9949af904470f02e3fa8f35129ab8e8f281c51eaa3788/librt-0.16.0-cp314-cp314t-macosx_11_0_arm64.whl", hash = "sha256:ad37d5b9abd49c9a655dcda7ea52a8a752884062ef1ee71ae17c2f2a0f81fe6a", size = 162018, upload-time = "2026-09-29T00:53:57.532Z" },
    { url = "https://files.pythonhosted.org/packages/0e/fa/b0289dcb186eb3f97221ba00da5f4bd3ba7fa5e99752d48aa8d336615334/librt-0.16.0-cp314-cp314t-manylinux2014_aarch64.manylinux_2_17_aarch64.manylinux_2_28_aarch64.whl", hash = "sha256:2c4aa329c17bd1aaea4f6e89335d8ccd494b3a5830b6654462273e50e11023f0", size = 703983, upload-time = "2026-09-29T00:53:59.024Z" },
    { url = "https://files.pythonhosted.org/packages/d9/ab/05ebbbde7530fc5eeb58fbd1581522a9f64f132fa703c4c595eed6e14760/librt-0.16.0-cp314-cp314t-manylinux2014_i686.manylinux_2_17_i686.manylinux_2_28_i686.whl", hash = "sha256:0ead24d2562a49473dddd9efef8581f020007eb0054389c3ee3ffad38b1ca4c9", size = 683847, upload-time = "2026-09-29T00:54:00.671Z" },
    { url = "https://files.pythonhosted.org/packages/a3/75/f52aeecd4dbadbddf80725ba7de126d8bd5d0eb66247eae17a81ed90dd4d/librt-0.16.0-cp314-cp314t-manylinux2014_ppc64le.manylinux_2_17_ppc64le.manylinux_2_28_ppc64le.whl", hash = "sha256:02118f56a9c36ddd07dfd9b919d9ecc117ba20a90987d56aa4c429fa34509188", size = 698045, upload-time = "2026-09-29T00:54:02.247Z" },
    { url = "https://files.pythonhosted.org/packages/e6/55/fa277a835cd6eb42380591ceb85f48c5b4d2b2d7e2cb9869e1e17d24d237/librt-0.16.0-cp314-cp314t-manylinux2014_x86_64.manylinux_2_17_x86_64.manylinux_2_28_x86_64.whl", hash = "sha256:4e29522c62e28595ff7e324c6834ade51127707f0e255b18d1c1cf03d39c1048", size = 724640, upload-time = "2026-09-29T00:54:04.078Z" },
    { url = "https://files.pythonhosted.org/packages/25/e4/2cf64354f3fde8ebd591b3b48f96510bee24ac5f7d1e567adbbe210abdbd/librt-0.16.0-cp314-cp314t-manylinux_2_34_riscv64.manylinux_2_39_riscv64.whl", hash = "sha256:3ff4b2367926b69c6215635902cccb04048e73094e9862900d27cb2c6bbff143", size = 731748, upload-time = "2026-09-29T00:54:05.741Z" },
    { url = "https://files.pythonhosted.org/packages/f8/c9/c180af3e94e01aa529fa93d7733fec2abc47f222345400cf21d5481d5f8a/librt-0.16.0-cp314-cp314t-musllinux_1_2_aarch64.whl", hash = "sha256:c6f1b27bf1632a7e016af9f145f82be95e1edd7721a646505c21059257cb5a04", size = 754960, upload-time = "2026-09-29T00:54:07.38Z" },
    { url = "https://files.pythonhosted.org/packages/95/d6/01073aa78c58f356b10d9c57b3fe9abb143df338142bcd316df417b89db0/librt-0.16.0-cp314-cp314t-musllinux_1_2_i686.whl", hash = "sha256:5696d7f52e7b37217cb3a8f92c744fe835942602fdd4c1a8bc4741d3bfdce15e", size = 747000, upload-time = "2026-09-29T00:54:09.06Z" },
    { url = "https://files.pythonhosted.org/packages/f7/d8/1de3783908658d697a8cfc00582f61299ffba7796d7260c112e4700b1109/librt-0.16.0-cp314-cp314t-musllinux_1_2_ppc64le.whl", hash = "sha256:6072e92dd876ff6ceeb6cf371e35e51f479349837391341f479b08df4564242b", size = 749569, upload-time = "2026-09-29T00:54:10.702Z" },
    { url = "https://files.pythonhosted.org/packages/b7/32/e817f66c96d6caa8bb8435ff93c4c220624d59efc506be59ab98fcd01d0c/librt-0.16.0-cp314-cp314t-musllinux_1_2_riscv64.whl", hash = "sha256:39ca4f2f2fe05de8e63493da592d84311adabe5bef52b193851981da9816b302", size = 729483, upload-time = "2026-09-29T00:54:12.25Z" },
    { url = "https://files.pythonhosted.org/packages/7c/c9/23992ccd2b9d22798fdd0f61353183a47414e651da782ad83eb680f50833/librt-0.16.0-cp314-cp314t-musllinux_1_2_x86_64.whl", hash = "sha256:f9807485a908f00355820f18e91e045ffdcdc5adb68aaec40a1e2b88c5f7bba1", size = 776584, upload-time = "2026-09-29T00:54:13.837Z" },
    { url = "https://files.pythonhosted.org/packages/67/3b/e8af957f08e6e2e8e566b099e43d2748418aa565df6ee1d9d3331209fdfe/librt-0.16.0-cp314-cp314t-win32.whl", hash = "sha256:94be5cb7bca4df6201f4183e9e4fa2086c655283d20b38cd84500a69057575a7", size = 104402, upload-time = "2026-09-29T00:54:15.568Z" },
    { url = "https://files.pythonhosted.org/packages/ca/1c/946e6443d7cd32347a086043395e421e52fd603c9163d2ec970ceab8eed6/librt-0.16.0-cp314-cp314t-win_amd64.whl", hash = "sha256:d46ca272b251d033dd4527b0dec5f261a28a52bd5fa0f99c117b0a1f8588cc2d", size = 126227, upload-time = "2026-09-29T00:54:17.165Z" },
    { url = "https://files.pythonhosted.org/packages/c2/a3/bc4f9959d3c62bcbf9e5fd3470a8bbd8bf33224ed4c25d7fba173201b8ac/librt-0.16.0-cp314-cp314t-win_arm64.whl", hash = "sha256:b9d6d4b14e92d876f8026b54c20c445f36425214c1081dc76f74e40db386b82b", size = 116493, upload-time = "2026-09-29T00:54:18.567Z" },
]

[[package]]
name = "mypy"
version = "2.4.0"
source = { registry = "https://pypi.org/simple" }
dependencies = [
    { name = "ast-serialize" },
    { name = "librt", marker = "platform_python_implementation != 'PyPy'" },
    { name = "mypy-extensions" },
    { name = "pathspec" },
    { name = "typing-extensions" },
]
sdist = { url = "https://files.pythonhosted.org/packages/34/4e/64300736cf0a0373a27b94a91b664ee7382e36f77b0621bae6381da3e180/mypy-2.4.0.tar.gz", hash = "sha256:77bdaebd452f43fcfc4cc3ba94352a3ea537cd01e3f2d0879f48673d2ec00d6e", size = 4064425, upload-time = "2026-10-01T20:40:39.229Z" }
wheels = [
    { url = "https://files.pythonhosted.org/packages/e0/66/924be0b653372ed31ad5c48e26044cc00840e591943a56e61621cf05b60e/mypy-2.4.0-cp314-cp314-macosx_11_0_arm64.whl", hash = "sha256:058165f564ccf559c68c70fec2091fca5891110480210c22594635e3f6683437", size = 14234230, upload-time = "2026-10-01T20:39:44.535Z" },
    { url = "https://files.pythonhosted.org/packages/56/39/c4f176880a4177123576de6cec6309feea8f42fca2bf2f6584e88054f656/mypy-2.4.0-cp314-cp314-manylinux2014_aarch64.manylinux_2_17_aarch64.manylinux_2_28_aarch64.whl", hash = "sha256:9fa247e02b505a45a2775f69df38d360d197e3790bc60f717595db9eda358b6e", size = 14392944, upload-time = "2026-10-01T20:40:05.78Z" },
    { url = "https://files.pythonhosted.org/packages/bc/1c/26e16977e25ef2494a74f8ffc872a76ec2c3aa43c3156057cbdf88f352c5/mypy-2.4.0-cp314-cp314-manylinux2014_x86_64.manylinux_2_17_x86_64.manylinux_2_28_x86_64.whl", hash = "sha256:20e9a5cd875837520c43db98dea0b6d0c2197833d95c30127d8f570fb9b1f00b", size = 15441463, upload-time = "2026-10-01T20:40:32.412Z" },
    { url = "https://files.pythonhosted.org/packages/31/9c/9e4b049f0ecefbfd6817ca2a16eea55dd74a07950268edc6cffd29ccfe98/mypy-2.4.0-cp314-cp314-musllinux_1_2_x86_64.whl", hash = "sha256:9f03a7828cca2b0adcd6662aee8f2711ff8830e1027641fdea3ab0b787483566", size = 15705406, upload-time = "2026-10-01T20:40:34.844Z" },
    { url = "https://files.pythonhosted.org/packages/4a/5e/e861b5f6c5ef9ee6cd24683aed1edecf82a26dbd536049f9b7850b586267/mypy-2.4.0-cp314-cp314-pyemscripten_2026_0_wasm32.whl", hash = "sha256:9279488933040b638c0ab739084c0ca100efeea6db581bf5d7628d8e89de53fe", size = 7897523, upload-time = "2026-10-01T20:39:39.861Z" },
    { url = "https://files.pythonhosted.org/packages/3a/87/61ffee58b25a956532a6006fae84918a2de849ed25f397492b2e815fe7b3/mypy-2.4.0-cp314-cp314-win_amd64.whl", hash = "sha256:2106b55105ba5ea9be4f53a24517fc5fa927ff1585edc9bc1a975abb72caef89", size = 11576345, upload-time = "2026-10-01T20:39:41.553Z" },
    { url = "https://files.pythonhosted.org/packages/a1/88/a331c20698971c2ce8d1c30f317fd61b5be13a85b1f053e12dfa22ac6568/mypy-2.4.0-cp314-cp314-win_arm64.whl", hash = "sha256:528c8744b8b5e3ecb8774f86af38d2376216816e9908317ad055f3c9c2d74799", size = 11172062, upload-time = "2026-10-01T20:38:59.534Z" },
    { url = "https://files.pythonhosted.org/packages/47/c0/4f7daa73270dced8e86c6f4a911c68082d03a84e6c1ec9bd916028d66131/mypy-2.4.0-cp314-cp314t-macosx_11_0_arm64.whl", hash = "sha256:0bb95cf34899e4619c61ab0a8667804e139e580b30d5df12af2102dfe44d0c97", size = 15711208, upload-time = "2026-10-01T20:39:30.597Z" },
    { url = "https://files.pythonhosted.org/packages/2f/05/f1afa303c678be24cf7a266d38fb24b3de4599a024c2f9ba0d5905a3efa3/mypy-2.4.0-cp314-cp314t-manylinux2014_aarch64.manylinux_2_17_aarch64.manylinux_2_28_aarch64.whl", hash = "sha256:86d616fe84c6eab8026f8c50ab5bcb90db780d2ccd233d971e34e92bede9b359", size = 15935442, upload-time = "2026-10-01T20:39:22.781Z" },
    { url = "https://files.pythonhosted.org/packages/9d/d6/6a1a45459b63716e0d035f4892a926d3054f0a8cbfa02551d228a9946083/mypy-2.4.0-cp314-cp314t-manylinux2014_x86_64.manylinux_2_17_x86_64.manylinux_2_28_x86_64.whl", hash = "sha256:a3f86fd1313dd69d013e265f1fdcd12ea7a9d606f9875b2a3db946cd334555f3", size = 17240044, upload-time = "2026-10-01T20:39:32.95Z" },
    { url = "https://files.pythonhosted.org/packages/87/85/ae33bee66c13f98d421964d87bf0888be941063bc75c1204a4cf142cf1cc/mypy-2.4.0-cp314-cp314t-musllinux_1_2_x86_64.whl", hash = "sha256:720434d48542ecfe84d32d287b727569d3fc8f5769acd39051130e490a5c295c", size = 17545856, upload-time = "2026-10-01T20:39:08.827Z" },
    { url = "https://files.pythonhosted.org/packages/df/de/eeff209b65c3e267818d79333bb9f058da6e4e73761461bd94748a2eb628/mypy-2.4.0-cp314-cp314t-win_amd64.whl", hash = "sha256:a6e851b82c0661f69f1630fc16172c68787a6a9cf0991e7c6437d60976cdcd76", size = 12369342, upload-time = "2026-10-01T20:40:10.516Z" },
    { url = "https://files.pythonhosted.org/packages/2b/43/e62d8d5c1dd737aa248968302ff7d6eabf997c3301773ed8bcb64932ca77/mypy-2.4.0-cp314-cp314t-win_arm64.whl", hash = "sha256:3bd0e340f0ebe65c548210f53be3fd8192e83964760caf0c28bef368e68b0d37", size = 11849099, upload-time = "2026-10-01T20:39:51.834Z" },
    { url = "https://files.pythonhosted.org/packages/81/12/46ae8670c98a3cd0286ca5645c2f918f8f6be65edfed81b916010619f668/mypy-2.4.0-py3-none-any.whl", hash = "sha256:d01c5d26a352acc6d5cf3128225477e1e8465e8d3029d4c345807fbf7f3cf093", size = 2800734, upload-time = "2026-10-01T20:39:26.837Z" },
]

[[package]]
name = "mypy-extensions"
version = "1.1.0"
source = { registry = "https://pypi.org/simple" }
sdist = { url = "https://files.pythonhosted.org/packages/a2/6e/371856a3fb9d31ca8dac321cda606860fa4548858c0cc45d9d1d4ca2628b/mypy_extensions-1.1.0.tar.gz", hash = "sha256:52e68efc3284861e772bbcd66823fde5ae21fd2fdb51c62a211403730b916558", size = 6343, upload-time = "2025-04-22T14:54:24.164Z" }
wheels = [
    { url = "https://files.pythonhosted.org/packages/79/7b/2c79738432f5c924bef5071f933bcc9efd0473bac3b4aa584a6f7c1c8df8/mypy_extensions-1.1.0-py3-none-any.whl", hash = "sha256:1be4cccdb0f2482337c4743e60421de3a356cd97508abadd57d47403e94f5505", size = 4963, upload-time = "2025-04-22T14:54:22.983Z" },
]

[[package]]
name = "pathspec"
version = "1.1.1"
source = { registry = "https://pypi.org/simple" }
sdist = { url = "https://files.pythonhosted.org/packages/5a/82/42f767fc1c1143d6fd36efb827202a2d997a375e160a71eb2888a925aac1/pathspec-1.1.1.tar.gz", hash = "sha256:17db5ecd524104a120e173814c90367a96a98d07c45b2e10c2f3919fff91bf5a", size = 135180, upload-time = "2026-04-27T01:46:08.907Z" }
wheels = [
    { url = "https://files.pythonhosted.org/packages/f1/d9/7fb5aa316bc299258e68c73ba3bddbc499654a07f151cba08f6153988714/pathspec-1.1.1-py3-none-any.whl", hash = "sha256:a00ce642f577bf7f473932318056212bc4f8bfdf53128c78bbd5af0b9b20b189", size = 57328, upload-time = "2026-04-27T01:46:07.06Z" },
]

[[package]]
name = "protobuf"
version = "7.36.2"
source = { registry = "https://pypi.org/simple" }
sdist = { url = "https://files.pythonhosted.org/packages/d9/89/5b8517baa72f84a67b8a307ba953c91057af618bf40bf676f3c03551f8f0/protobuf-7.36.2.tar.gz", hash = "sha256:497d0463ff3316681da6c0b9e8d06cb465d61abce00b613ab42226175644d1bb", size = 512737, upload-time = "2026-09-17T20:07:59.326Z" }
wheels = [
    { url = "https://files.pythonhosted.org/packages/32/72/98342feb672507c8f3a69e34b4fa8961f608edba5c1a48a6f47156d92cb5/protobuf-7.36.2-cp310-abi3-macosx_10_9_universal2.whl", hash = "sha256:cbc70b17ee27e28894c7fee8bb04be1abead49e936bc70eb60052531eee2079e", size = 456039, upload-time = "2026-09-17T20:07:51.542Z" },
    { url = "https://files.pythonhosted.org/packages/b6/ea/91fdf7c2b8bbd49cde056f00a9df6773532987e1c00fe2830b895af95c7e/protobuf-7.36.2-cp310-abi3-manylinux2014_aarch64.whl", hash = "sha256:e11e1f0180583a2af89db6a2ecd9e8dc40aa6d2988ca175bfd0e6d12ea72d74e", size = 344219, upload-time = "2026-09-17T20:07:52.914Z" },
    { url = "https://files.pythonhosted.org/packages/17/ab/5fd5f8ece73fad885c5a09aa849b32d70472f954ba3a92d3bb5974ea953b/protobuf-7.36.2-cp310-abi3-manylinux2014_s390x.whl", hash = "sha256:f4fee11ec330d238b34a05c9b675f693c20415d1c5bd7d5320cc2f8a798eb9cf", size = 357223, upload-time = "2026-09-17T20:07:53.985Z" },
    { url = "https://files.pythonhosted.org/packages/db/f3/3996583dd2906297a637af12114deddf7658af6e683fedb83be061983fb5/protobuf-7.36.2-cp310-abi3-manylinux2014_x86_64.whl", hash = "sha256:89f23aa53c24553a2416fd4fd1ec06f74fa42b14b546d8883128813f775bbfd2", size = 343223, upload-time = "2026-09-17T20:07:54.931Z" },
    { url = "https://files.pythonhosted.org/packages/fc/1b/dcc64f358fcb51811b58ae40b3d28f820725f116d86487cc20bd4b130701/protobuf-7.36.2-cp310-abi3-win32.whl", hash = "sha256:912c1221170e16c08d1f086762f563dd61ff83c18b5fa6652952dfaded66f728", size = 442998, upload-time = "2026-09-17T20:07:55.826Z" },
    { url = "https://files.pythonhosted.org/packages/8a/55/b77bda4e5e5f5971fb51b07663694690e9afdb9402136c16a522bd621cad/protobuf-7.36.2-cp310-abi3-win_amd64.whl", hash = "sha256:a300819d441e078a5608c0d3c709796bb548136058fda017ae51d425b44fd353", size = 456514, upload-time = "2026-09-17T20:07:57.188Z" },
    { url = "https://files.pythonhosted.org/packages/e4/04/d52c7016b04b6c5108f26691f9d33ec82a9b65d041f1a9c771137693d618/protobuf-7.36.2-py3-none-any.whl", hash = "sha256:bdb3a345d48db958e6ce1f18e508beb0cc981d64f24088427549c866cd039f1e", size = 179806, upload-time = "2026-09-17T20:07:58.211Z" },
]

[[package]]
name = "ruff"
version = "0.17.0"
source = { registry = "https://pypi.org/simple" }
sdist = { url = "https://files.pythonhosted.org/packages/e9/a7/70debb024dfacda67b8e560cc7511f52b34b9348a8cc8c1ec23036dcd51d/ruff-0.17.0.tar.gz", hash = "sha256:5cd03240d8208a557c2a9655a5cb07ebe36aa6bb35065f97d48c1f6adef5a322", size = 5320554, upload-time = "2026-10-09T19:47:29.248Z" }
wheels = [
    { url = "https://files.pythonhosted.org/packages/bc/f8/ee5ab9da6089eae2a33e6008b01deb1eda19992c1c8e10661e98cee1640f/ruff-0.17.0-py3-none-linux_armv6l.whl", hash = "sha256:0e271826af9a20d18c6cfae8c51e82959167c24859686ddd3eb9a7f0842ce81e", size = 10148907, upload-time = "2026-10-09T19:46:38.695Z" },
    { url = "https://files.pythonhosted.org/packages/9f/d9/2f81fb5a9d580afbb11b1c8ff915233a11f2a1b27405d7991f183c5e1976/ruff-0.17.0-py3-none-macosx_10_12_x86_64.whl", hash = "sha256:5f0ca4a40f81403689c04f12966e22f44e329ae362072d8f1587b7bda87f603b", size = 10224208, upload-time = "2026-10-09T19:46:41.711Z" },
    { url = "https://files.pythonhosted.org/packages/a7/20/643f3c8f75594f937b2bf74801241c56a2e2b8e139d24dff8b66b28cdd7f/ruff-0.17.0-py3-none-macosx_11_0_arm64.whl", hash = "sha256:cbf7149e0927dc3295d5d64679a4765576eef71b00782b2ae969ef82274d6bb9", size = 9273324, upload-time = "2026-10-09T19:46:44.323Z" },
    { url = "https://files.pythonhosted.org/packages/ec/91/627700b233d367736cb274f1bd0b47d1f2b12f68878192812bd875adadc3/ruff-0.17.0-py3-none-manylinux_2_17_aarch64.manylinux2014_aarch64.whl", hash = "sha256:13ee90156522998c3037059d8f66885c8adeeaf7643bdce2caceee196ecd23e0", size = 9953190, upload-time = "2026-10-09T19:46:47.155Z" },
    { url = "https://files.pythonhosted.org/packages/cd/92/91f7b5ed39490f89d6cbf56e1f543c383667a725efa8e2c2dee0f01f5591/ruff-0.17.0-py3-none-manylinux_2_17_armv7l.manylinux2014_armv7l.whl", hash = "sha256:3d8e4a002a94cd9d0dc48b51dc69d807a172b5b9bf2b668e656424dc5b55ead1", size = 9961746, upload-time = "2026-10-09T19:46:50.098Z" },
    { url = "https://files.pythonhosted.org/packages/87/c5/7310f9fc63ce11ff6394edbd5e85433dfb0e14c9fbf6ccc97f1538491bc7/ruff-0.17.0-py3-none-manylinux_2_17_i686.manylinux2014_i686.whl", hash = "sha256:c0b8a60c06a218c337e1161638d34757f83449243e2db161483ddf948e53ad14", size = 10625483, upload-time = "2026-10-09T19:46:53.379Z" },
    { url = "https://files.pythonhosted.org/packages/a5/8d/97443f0dca4a03a0bc7629fd396fd494a1cb6666121e38c5075acb217d8f/ruff-0.17.0-py3-none-manylinux_2_17_ppc64le.manylinux2014_ppc64le.whl", hash = "sha256:a330178bdffc4205dbf3bda11d93e059e388fd6546f8cdd304501a9160363c0d", size = 11350129, upload-time = "2026-10-09T19:46:56.486Z" },
    { url = "https://files.pythonhosted.org/packages/9c/0a/c525efd9777be4b6b012e6969a3012648468e7e6c4b3e5b46af69f46e8eb/ruff-0.17.0-py3-none-manylinux_2_17_s390x.manylinux2014_s390x.whl", hash = "sha256:7bb08489e234876fa2da67ae3ea938e9a2156da80293e0e4365abd6973d98329", size = 10906223, upload-time = "2026-10-09T19:47:00.263Z" },
    { url = "https://files.pythonhosted.org/packages/2c/3c/4a01195d93420cad1175bedad13a515dc8a56f95a6e39789b92e582682f5/ruff-0.17.0-py3-none-manylinux_2_17_x86_64.manylinux2014_x86_64.whl", hash = "sha256:bc73e7c133e82d55b5f15897b2a442d72c0cb4a0c886c46801ce3c247150b60c", size = 10386314, upload-time = "2026-10-09T19:47:03.057Z" },
    { url = "https://files.pythonhosted.org/packages/c7/72/1a3951665485a921f6375f91e754a1854d5a645d41acc3642668064ff64d/ruff-0.17.0-py3-none-manylinux_2_31_riscv64.whl", hash = "sha256:db4f74c533403ab70fe4007873f6ae0c9f94a8b03158cf48d78788e47cdbe399", size = 10565464, upload-time = "2026-10-09T19:47:05.831Z" },
    { url = "https://files.pythonhosted.org/packages/90/8c/539b4d8c082f57e18db8ae2be85a460d77861c79dcd5798e32b536a6a06f/ruff-0.17.0-py3-none-musllinux_1_2_aarch64.whl", hash = "sha256:3d8cc360e666d1914e47b0777c6906d70cf18891a55532bd0a16844195d70859", size = 10079468, upload-time = "2026-10-09T19:47:08.617Z" },
    { url = "https://files.pythonhosted.org/packages/e0/b8/84286966db79434e8c26b585b0a0f6897cb3ab1c51a4aa4df10c28488b62/ruff-0.17.0-py3-none-musllinux_1_2_armv7l.whl", hash = "sha256:d66de796b726c4801e05fa99a2a8d7a780e107be222486c304ab61765561e866", size = 9958556, upload-time = "2026-10-09T19:47:11.324Z" },
    { url = "https://files.pythonhosted.org/packages/69/50/27b6eed27b83fcdd5bfa0d52b83231e29094754374698da404d094487ae3/ruff-0.17.0-py3-none-musllinux_1_2_i686.whl", hash = "sha256:c3f268baf004aea944f040623327119527ea231af15f7fb7890e82cea0679589", size = 10352173, upload-time = "2026-10-09T19:47:14.188Z" },
    { url = "https://files.pythonhosted.org/packages/2a/fa/955399fd13044cd827862044117d784a59e3196f6cce7424908ac9a7f914/ruff-0.17.0-py3-none-musllinux_1_2_x86_64.whl", hash = "sha256:864b6c1acb6b0bccf94b5a3938a1531fd09aaca5e5659a2e7bf0f3cf2a685540", size = 10791761, upload-time = "2026-10-09T19:47:16.931Z" },
    { url = "https://files.pythonhosted.org/packages/ae/bf/024e01e1f6aec87768696725e648ed5b438941341eea8f8100beb681961f/ruff-0.17.0-py3-none-win32.whl", hash = "sha256:5e50aa5b84decd9fe5b0bb0e6f71c3b592f1767ed09faa4b7207d933961e35cd", size = 9904112, upload-time = "2026-10-09T19:47:19.75Z" },
    { url = "https://files.pythonhosted.org/packages/cc/77/1ee73df41dcc8d1cdb686ee4bc46ea29704ea175feb6b95c78420f631ab8/ruff-0.17.0-py3-none-win_amd64.whl", hash = "sha256:8ab76bcda86dfd28e13776cb5de3c7bcdcf1ae3d37ed761113d1a5a415dc134c", size = 10115585, upload-time = "2026-10-09T19:47:22.698Z" },
    { url = "https://files.pythonhosted.org/packages/fd/71/eb4f0ccc844aece56963e8578df9c95d4c00f580547d52329d4035d3af18/ruff-0.17.0-py3-none-win_arm64.whl", hash = "sha256:c154c73ff43f9854395e24cac507af13078962e53d2b511605058d22af1fdb88", size = 9872035, upload-time = "2026-10-09T19:47:26.306Z" },
]

[[package]]
name = "starpc"
version = "0.52.0"
source = { editable = "." }
dependencies = [
    { name = "protobuf" },
]

[package.dev-dependencies]
dev = [
    { name = "mypy" },
    { name = "ruff" },
    { name = "types-protobuf" },
]

[package.metadata]
requires-dist = [{ name = "protobuf", specifier = "==7.36.2" }]

[package.metadata.requires-dev]
dev = [
    { name = "mypy", specifier = "==2.4.0" },
    { name = "ruff", specifier = "==0.17.0" },
    { name = "types-protobuf", specifier = "==7.35.1.20260906" },
]

[[package]]
name = "starpc-python-plugin"
version = "0.52.0"
source = { editable = "python/plugin" }
dependencies = [
    { name = "protobuf" },
    { name = "ruff" },
]

[package.metadata]
requires-dist = [
    { name = "protobuf", specifier = "==7.36.2" },
    { name = "ruff", specifier = "==0.17.0" },
]

[[package]]
name = "types-protobuf"
version = "7.35.1.20260906"
source = { registry = "https://pypi.org/simple" }
sdist = { url = "https://files.pythonhosted.org/packages/e1/6c/e3e5b3e10bc328126a39637c138f9ebfd734bf14342b9f3540039b4ab995/types_protobuf-7.35.1.20260906.tar.gz", hash = "sha256:efd1a3862d4c967dad5512ef8d56b1530ac84f182c41735b94004756518c4998", size = 69895, upload-time = "2026-09-06T06:35:28.308Z" }
wheels = [
    { url = "https://files.pythonhosted.org/packages/44/4e/f63e826c68f77ef875506d72f225918800346545ee99847bc28f3394f18d/types_protobuf-7.35.1.20260906-py3-none-any.whl", hash = "sha256:5155e48569e0dabff303fdf578db96cd31ea9a4a63b18018a4ceac6b0ae17462", size = 86419, upload-time = "2026-09-06T06:35:27.247Z" },
]

[[package]]
name = "typing-extensions"
version = "4.16.0"
source = { registry = "https://pypi.org/simple" }
sdist = { url = "https://files.pythonhosted.org/packages/f6/cc/6253133b5bb138fc3306cebfbda2c520f545d36b5be2c7255cc528bb45d6/typing_extensions-4.16.0.tar.gz", hash = "sha256:dc983d19a509c94dba722ee6abd33940f7c05a89e243c47e907eb4db6f1a43e5", size = 113555, upload-time = "2026-07-02T08:40:05.92Z" }
wheels = [
    { url = "https://files.pythonhosted.org/packages/49/d3/b8441a820a491ddfc024b0b0cf0393375b75ea13866d9c66727e54c2fc80/typing_extensions-4.16.0-py3-none-any.whl", hash = "sha256:481caa481374e813c1b176ada14e97f1f67a4539ce9cfeb3f350d78d6370c2e8", size = 45571, upload-time = "2026-07-02T08:40:04.659Z" },
]
